
Microsoft Visual Studio Solution File, Format Version 12.00
# Visual Studio Version 17
VisualStudioVersion = 17.8.34601.278
MinimumVisualStudioVersion = 10.0.40219.1
Project("{9A19103F-16F7-4668-BE54-9A1E7A4F7556}") = "Ground.Utilities.OpenTelemetryRegistration", "Ground.Utilities.OpenTelemetryRegistration\Ground.Utilities.OpenTelemetryRegistration.csproj", "{546A94BD-96FB-41DA-A8B7-6B119421507B}"
EndProject
Project("{FAE04EC0-301F-11D3-BF4B-00C04F79EFBC}") = "Ground.Utilities.OpenTelemetryRegistration.Sample", "Ground.Utilities.OpenTelemetryRegistration.Sample\Ground.Utilities.OpenTelemetryRegistration.Sample.csproj", "{C275A2DC-0356-4E0F-B1AB-270454B9CC08}"
EndProject
Global
	GlobalSection(SolutionConfigurationPlatforms) = preSolution
		Debug|Any CPU = Debug|Any CPU
		Release|Any CPU = Release|Any CPU
	EndGlobalSection
	GlobalSection(ProjectConfigurationPlatforms) = postSolution
		{546A94BD-96FB-41DA-A8B7-6B119421507B}.Debug|Any CPU.ActiveCfg = Debug|Any CPU
		{546A94BD-96FB-41DA-A8B7-6B119421507B}.Debug|Any CPU.Build.0 = Debug|Any CPU
		{546A94BD-96FB-41DA-A8B7-6B119421507B}.Release|Any CPU.ActiveCfg = Release|Any CPU
		{546A94BD-96FB-41DA-A8B7-6B119421507B}.Release|Any CPU.Build.0 = Release|Any CPU
		{C275A2DC-0356-4E0F-B1AB-270454B9CC08}.Debug|Any CPU.ActiveCfg = Debug|Any CPU
		{C275A2DC-0356-4E0F-B1AB-270454B9CC08}.Debug|Any CPU.Build.0 = Debug|Any CPU
		{C275A2DC-0356-4E0F-B1AB-270454B9CC08}.Release|Any CPU.ActiveCfg = Release|Any CPU
		{C275A2DC-0356-4E0F-B1AB-270454B9CC08}.Release|Any CPU.Build.0 = Release|Any CPU
	EndGlobalSection
	GlobalSection(SolutionProperties) = preSolution
		HideSolutionNode = FALSE
	EndGlobalSection
	GlobalSection(ExtensibilityGlobals) = postSolution
		SolutionGuid = {8002F0DA-FF3F-467C-BDB8-6ED5A6B76EBD}
	EndGlobalSection
EndGlobal
