
Microsoft Visual Studio Solution File, Format Version 12.00
# Visual Studio Version 17
VisualStudioVersion = 17.8.34330.188
MinimumVisualStudioVersion = 10.0.40219.1
Project("{FAE04EC0-301F-11D3-BF4B-00C04F79EFBC}") = "GroundTemplatePackage", "GroundTemplatePackage.csproj", "{1ADD754E-62BA-43E0-8640-096738716278}"
EndProject
Global
	GlobalSection(SolutionConfigurationPlatforms) = preSolution
		Debug|Any CPU = Debug|Any CPU
		Release|Any CPU = Release|Any CPU
	EndGlobalSection
	GlobalSection(ProjectConfigurationPlatforms) = postSolution
		{1ADD754E-62BA-43E0-8640-096738716278}.Debug|Any CPU.ActiveCfg = Debug|Any CPU
		{1ADD754E-62BA-43E0-8640-096738716278}.Debug|Any CPU.Build.0 = Debug|Any CPU
		{1ADD754E-62BA-43E0-8640-096738716278}.Release|Any CPU.ActiveCfg = Release|Any CPU
		{1ADD754E-62BA-43E0-8640-096738716278}.Release|Any CPU.Build.0 = Release|Any CPU
	EndGlobalSection
	GlobalSection(SolutionProperties) = preSolution
		HideSolutionNode = FALSE
	EndGlobalSection
	GlobalSection(ExtensibilityGlobals) = postSolution
		SolutionGuid = {94EAB605-A094-435C-9893-12A92A989547}
	EndGlobalSection
EndGlobal
