
Microsoft Visual Studio Solution File, Format Version 12.00
# Visual Studio Version 17
VisualStudioVersion = 17.7.34302.85
MinimumVisualStudioVersion = 10.0.40219.1
Project("{2150E333-8FDC-42A3-9474-1A3956D46DE8}") = "src", "src", "{0C534A76-81F0-48B5-89D4-E4F1948EBA5E}"
EndProject
Project("{2150E333-8FDC-42A3-9474-1A3956D46DE8}") = "tests", "tests", "{48651E8B-4A47-437B-BF13-660F27FE3401}"
EndProject
Project("{2150E333-8FDC-42A3-9474-1A3956D46DE8}") = "samples", "samples", "{0A5D29F6-BB91-4089-8FE6-04794D80115D}"
EndProject
Project("{2150E333-8FDC-42A3-9474-1A3956D46DE8}") = "1.Utilities", "1.Utilities", "{BC9B0DCF-8B6E-4E45-A4E5-665D9E22F98E}"
EndProject
Project("{2150E333-8FDC-42A3-9474-1A3956D46DE8}") = "2.Core", "2.Core", "{ABECE1D2-660C-4DE2-8856-A29EE276ED18}"
EndProject
Project("{2150E333-8FDC-42A3-9474-1A3956D46DE8}") = "3.Infra", "3.Infra", "{8BE7F751-3C6C-480E-A9FC-E7DB83617DCC}"
EndProject
Project("{2150E333-8FDC-42A3-9474-1A3956D46DE8}") = "4.Endpoints", "4.Endpoints", "{7F889FF1-C5A2-431B-AA9B-785C6BE3CEB4}"
EndProject
Project("{9A19103F-16F7-4668-BE54-9A1E7A4F7556}") = "Ground.Core.Domain", "src\2.Core\Ground.Core.Domain\Ground.Core.Domain.csproj", "{CB38FFE6-CC98-4A34-A2B6-A8AB1AD04066}"
EndProject
Project("{9A19103F-16F7-4668-BE54-9A1E7A4F7556}") = "Ground.Core.ApplicationServices", "src\2.Core\Ground.Core.ApplicationServices\Ground.Core.ApplicationServices.csproj", "{49B82D0B-1359-4AC7-9286-8B46FE6E6F72}"
EndProject
Project("{9A19103F-16F7-4668-BE54-9A1E7A4F7556}") = "Ground.Core.Contracts", "src\2.Core\Ground.Core.Contracts\Ground.Core.Contracts.csproj", "{2066B8EF-F8F4-4EB6-9E7C-9840C2DE0B28}"
EndProject
Project("{9A19103F-16F7-4668-BE54-9A1E7A4F7556}") = "Ground.Utilities", "src\1.Utilities\Ground.Utilities\Ground.Utilities.csproj", "{661CA8E7-F27E-41C8-9640-4A3EC65642CE}"
EndProject
Project("{2150E333-8FDC-42A3-9474-1A3956D46DE8}") = "1.Core", "1.Core", "{14BC32BD-095C-4294-94C7-296E591E3B63}"
EndProject
Project("{2150E333-8FDC-42A3-9474-1A3956D46DE8}") = "2.Infra", "2.Infra", "{34FDBCCD-E16A-4247-AE6D-685192BD02A1}"
EndProject
Project("{2150E333-8FDC-42A3-9474-1A3956D46DE8}") = "3.Endpoints", "3.Endpoints", "{03699813-13F3-49F2-85B7-D775F58F5B3C}"
EndProject
Project("{2150E333-8FDC-42A3-9474-1A3956D46DE8}") = "Data", "Data", "{33E151BA-2005-422A-9BC8-4A46CE8BCE24}"
EndProject
Project("{9A19103F-16F7-4668-BE54-9A1E7A4F7556}") = "Ground.Infra.Data.Sql.Commands", "src\3.Infra\Data\Ground.Infra.Data.Sql.Command\Ground.Infra.Data.Sql.Commands.csproj", "{E485614D-C8E8-46D7-9282-2F20E8DD9ED6}"
EndProject
Project("{9A19103F-16F7-4668-BE54-9A1E7A4F7556}") = "Ground.Infra.Data.Sql.Queries", "src\3.Infra\Data\Ground.Infra.Data.Sql.Queries\Ground.Infra.Data.Sql.Queries.csproj", "{90A28641-1FF7-44DB-B44C-60C8CD076C0C}"
EndProject
Project("{9A19103F-16F7-4668-BE54-9A1E7A4F7556}") = "Ground.Infra.Data.Sql", "src\3.Infra\Data\Ground.Infra.Data.Sql\Ground.Infra.Data.Sql.csproj", "{1DE99E4C-1ED6-4D9A-82A9-98C1F92BB0C2}"
EndProject
Project("{9A19103F-16F7-4668-BE54-9A1E7A4F7556}") = "Ground.Endpoints.WebApi", "src\4.Endpoints\Ground.Endpoints.WebApi\Ground.Endpoints.WebApi.csproj", "{561395A5-5CB4-434A-9320-9BE4B14227AF}"
EndProject
Project("{9A19103F-16F7-4668-BE54-9A1E7A4F7556}") = "Ground.Samples.Core.Domain", "samples\1.Core\Ground.Sample.Core.Domain\Ground.Samples.Core.Domain.csproj", "{8CB04B2B-3E12-4810-863E-20CEC234995E}"
EndProject
Project("{9A19103F-16F7-4668-BE54-9A1E7A4F7556}") = "Ground.Samples.Core.Contracts", "samples\1.Core\Ground.Sample.Core.Contracts\Ground.Samples.Core.Contracts.csproj", "{D1159EFA-BDFB-4553-9164-F10613DDECB8}"
EndProject
Project("{9A19103F-16F7-4668-BE54-9A1E7A4F7556}") = "Ground.Samples.Core.ApplicationServices", "samples\1.Core\Ground.Sample.Core.ApplicationServices\Ground.Samples.Core.ApplicationServices.csproj", "{AB56205E-245F-41FC-BED9-9871D72E744A}"
EndProject
Project("{2150E333-8FDC-42A3-9474-1A3956D46DE8}") = "Data", "Data", "{52DE0DA1-AF4E-403F-B403-2C756CABDBA3}"
EndProject
Project("{9A19103F-16F7-4668-BE54-9A1E7A4F7556}") = "Ground.Samples.Infra.Data.Sql.Commands", "samples\2.Infra\Data\Ground.Samples.Infra.Data.Sql.Commands\Ground.Samples.Infra.Data.Sql.Commands.csproj", "{FCCFE292-D30F-4049-BADA-07C27D8BA057}"
EndProject
Project("{9A19103F-16F7-4668-BE54-9A1E7A4F7556}") = "Ground.Samples.Infra.Data.Sql.Queries", "samples\2.Infra\Data\Ground.Samples.Infra.Data.Sql.Queries\Ground.Samples.Infra.Data.Sql.Queries.csproj", "{20491AED-4F91-4637-A38B-78DEC2491CB7}"
EndProject
Project("{9A19103F-16F7-4668-BE54-9A1E7A4F7556}") = "Ground.Samples.Endpoints.WebApi", "samples\3.Endpoints\Ground.Samples.Endpoints.WebApi\Ground.Samples.Endpoints.WebApi.csproj", "{7F117C51-B4C2-4DD0-84A0-681223F2ED77}"
EndProject
Project("{9A19103F-16F7-4668-BE54-9A1E7A4F7556}") = "Ground.Core.Domain.Toolkits", "src\2.Core\Ground.Core.Domain.Toolkits\Ground.Core.Domain.Toolkits.csproj", "{214DA432-4C1A-447E-9EC5-6DF176E0D91F}"
EndProject
Project("{FAE04EC0-301F-11D3-BF4B-00C04F79EFBC}") = "Ground.Core.RequestResponse", "src\2.Core\Ground.Core.RequestResponse\Ground.Core.RequestResponse.csproj", "{A137F94E-B037-458B-8AC7-E8041BB02B5A}"
EndProject
Global
	GlobalSection(SolutionConfigurationPlatforms) = preSolution
		Debug|Any CPU = Debug|Any CPU
		Release|Any CPU = Release|Any CPU
	EndGlobalSection
	GlobalSection(ProjectConfigurationPlatforms) = postSolution
		{CB38FFE6-CC98-4A34-A2B6-A8AB1AD04066}.Debug|Any CPU.ActiveCfg = Debug|Any CPU
		{CB38FFE6-CC98-4A34-A2B6-A8AB1AD04066}.Debug|Any CPU.Build.0 = Debug|Any CPU
		{CB38FFE6-CC98-4A34-A2B6-A8AB1AD04066}.Release|Any CPU.ActiveCfg = Release|Any CPU
		{CB38FFE6-CC98-4A34-A2B6-A8AB1AD04066}.Release|Any CPU.Build.0 = Release|Any CPU
		{49B82D0B-1359-4AC7-9286-8B46FE6E6F72}.Debug|Any CPU.ActiveCfg = Debug|Any CPU
		{49B82D0B-1359-4AC7-9286-8B46FE6E6F72}.Debug|Any CPU.Build.0 = Debug|Any CPU
		{49B82D0B-1359-4AC7-9286-8B46FE6E6F72}.Release|Any CPU.ActiveCfg = Release|Any CPU
		{49B82D0B-1359-4AC7-9286-8B46FE6E6F72}.Release|Any CPU.Build.0 = Release|Any CPU
		{2066B8EF-F8F4-4EB6-9E7C-9840C2DE0B28}.Debug|Any CPU.ActiveCfg = Debug|Any CPU
		{2066B8EF-F8F4-4EB6-9E7C-9840C2DE0B28}.Debug|Any CPU.Build.0 = Debug|Any CPU
		{2066B8EF-F8F4-4EB6-9E7C-9840C2DE0B28}.Release|Any CPU.ActiveCfg = Release|Any CPU
		{2066B8EF-F8F4-4EB6-9E7C-9840C2DE0B28}.Release|Any CPU.Build.0 = Release|Any CPU
		{661CA8E7-F27E-41C8-9640-4A3EC65642CE}.Debug|Any CPU.ActiveCfg = Debug|Any CPU
		{661CA8E7-F27E-41C8-9640-4A3EC65642CE}.Debug|Any CPU.Build.0 = Debug|Any CPU
		{661CA8E7-F27E-41C8-9640-4A3EC65642CE}.Release|Any CPU.ActiveCfg = Release|Any CPU
		{661CA8E7-F27E-41C8-9640-4A3EC65642CE}.Release|Any CPU.Build.0 = Release|Any CPU
		{E485614D-C8E8-46D7-9282-2F20E8DD9ED6}.Debug|Any CPU.ActiveCfg = Debug|Any CPU
		{E485614D-C8E8-46D7-9282-2F20E8DD9ED6}.Debug|Any CPU.Build.0 = Debug|Any CPU
		{E485614D-C8E8-46D7-9282-2F20E8DD9ED6}.Release|Any CPU.ActiveCfg = Release|Any CPU
		{E485614D-C8E8-46D7-9282-2F20E8DD9ED6}.Release|Any CPU.Build.0 = Release|Any CPU
		{90A28641-1FF7-44DB-B44C-60C8CD076C0C}.Debug|Any CPU.ActiveCfg = Debug|Any CPU
		{90A28641-1FF7-44DB-B44C-60C8CD076C0C}.Debug|Any CPU.Build.0 = Debug|Any CPU
		{90A28641-1FF7-44DB-B44C-60C8CD076C0C}.Release|Any CPU.ActiveCfg = Release|Any CPU
		{90A28641-1FF7-44DB-B44C-60C8CD076C0C}.Release|Any CPU.Build.0 = Release|Any CPU
		{1DE99E4C-1ED6-4D9A-82A9-98C1F92BB0C2}.Debug|Any CPU.ActiveCfg = Debug|Any CPU
		{1DE99E4C-1ED6-4D9A-82A9-98C1F92BB0C2}.Debug|Any CPU.Build.0 = Debug|Any CPU
		{1DE99E4C-1ED6-4D9A-82A9-98C1F92BB0C2}.Release|Any CPU.ActiveCfg = Release|Any CPU
		{1DE99E4C-1ED6-4D9A-82A9-98C1F92BB0C2}.Release|Any CPU.Build.0 = Release|Any CPU
		{561395A5-5CB4-434A-9320-9BE4B14227AF}.Debug|Any CPU.ActiveCfg = Debug|Any CPU
		{561395A5-5CB4-434A-9320-9BE4B14227AF}.Debug|Any CPU.Build.0 = Debug|Any CPU
		{561395A5-5CB4-434A-9320-9BE4B14227AF}.Release|Any CPU.ActiveCfg = Release|Any CPU
		{561395A5-5CB4-434A-9320-9BE4B14227AF}.Release|Any CPU.Build.0 = Release|Any CPU
		{8CB04B2B-3E12-4810-863E-20CEC234995E}.Debug|Any CPU.ActiveCfg = Debug|Any CPU
		{8CB04B2B-3E12-4810-863E-20CEC234995E}.Debug|Any CPU.Build.0 = Debug|Any CPU
		{8CB04B2B-3E12-4810-863E-20CEC234995E}.Release|Any CPU.ActiveCfg = Release|Any CPU
		{8CB04B2B-3E12-4810-863E-20CEC234995E}.Release|Any CPU.Build.0 = Release|Any CPU
		{D1159EFA-BDFB-4553-9164-F10613DDECB8}.Debug|Any CPU.ActiveCfg = Debug|Any CPU
		{D1159EFA-BDFB-4553-9164-F10613DDECB8}.Debug|Any CPU.Build.0 = Debug|Any CPU
		{D1159EFA-BDFB-4553-9164-F10613DDECB8}.Release|Any CPU.ActiveCfg = Release|Any CPU
		{D1159EFA-BDFB-4553-9164-F10613DDECB8}.Release|Any CPU.Build.0 = Release|Any CPU
		{AB56205E-245F-41FC-BED9-9871D72E744A}.Debug|Any CPU.ActiveCfg = Debug|Any CPU
		{AB56205E-245F-41FC-BED9-9871D72E744A}.Debug|Any CPU.Build.0 = Debug|Any CPU
		{AB56205E-245F-41FC-BED9-9871D72E744A}.Release|Any CPU.ActiveCfg = Release|Any CPU
		{AB56205E-245F-41FC-BED9-9871D72E744A}.Release|Any CPU.Build.0 = Release|Any CPU
		{FCCFE292-D30F-4049-BADA-07C27D8BA057}.Debug|Any CPU.ActiveCfg = Debug|Any CPU
		{FCCFE292-D30F-4049-BADA-07C27D8BA057}.Debug|Any CPU.Build.0 = Debug|Any CPU
		{FCCFE292-D30F-4049-BADA-07C27D8BA057}.Release|Any CPU.ActiveCfg = Release|Any CPU
		{FCCFE292-D30F-4049-BADA-07C27D8BA057}.Release|Any CPU.Build.0 = Release|Any CPU
		{20491AED-4F91-4637-A38B-78DEC2491CB7}.Debug|Any CPU.ActiveCfg = Debug|Any CPU
		{20491AED-4F91-4637-A38B-78DEC2491CB7}.Debug|Any CPU.Build.0 = Debug|Any CPU
		{20491AED-4F91-4637-A38B-78DEC2491CB7}.Release|Any CPU.ActiveCfg = Release|Any CPU
		{20491AED-4F91-4637-A38B-78DEC2491CB7}.Release|Any CPU.Build.0 = Release|Any CPU
		{7F117C51-B4C2-4DD0-84A0-681223F2ED77}.Debug|Any CPU.ActiveCfg = Debug|Any CPU
		{7F117C51-B4C2-4DD0-84A0-681223F2ED77}.Debug|Any CPU.Build.0 = Debug|Any CPU
		{7F117C51-B4C2-4DD0-84A0-681223F2ED77}.Release|Any CPU.ActiveCfg = Release|Any CPU
		{7F117C51-B4C2-4DD0-84A0-681223F2ED77}.Release|Any CPU.Build.0 = Release|Any CPU
		{214DA432-4C1A-447E-9EC5-6DF176E0D91F}.Debug|Any CPU.ActiveCfg = Debug|Any CPU
		{214DA432-4C1A-447E-9EC5-6DF176E0D91F}.Debug|Any CPU.Build.0 = Debug|Any CPU
		{214DA432-4C1A-447E-9EC5-6DF176E0D91F}.Release|Any CPU.ActiveCfg = Release|Any CPU
		{214DA432-4C1A-447E-9EC5-6DF176E0D91F}.Release|Any CPU.Build.0 = Release|Any CPU
		{A137F94E-B037-458B-8AC7-E8041BB02B5A}.Debug|Any CPU.ActiveCfg = Debug|Any CPU
		{A137F94E-B037-458B-8AC7-E8041BB02B5A}.Debug|Any CPU.Build.0 = Debug|Any CPU
		{A137F94E-B037-458B-8AC7-E8041BB02B5A}.Release|Any CPU.ActiveCfg = Release|Any CPU
		{A137F94E-B037-458B-8AC7-E8041BB02B5A}.Release|Any CPU.Build.0 = Release|Any CPU
	EndGlobalSection
	GlobalSection(SolutionProperties) = preSolution
		HideSolutionNode = FALSE
	EndGlobalSection
	GlobalSection(NestedProjects) = preSolution
		{BC9B0DCF-8B6E-4E45-A4E5-665D9E22F98E} = {0C534A76-81F0-48B5-89D4-E4F1948EBA5E}
		{ABECE1D2-660C-4DE2-8856-A29EE276ED18} = {0C534A76-81F0-48B5-89D4-E4F1948EBA5E}
		{8BE7F751-3C6C-480E-A9FC-E7DB83617DCC} = {0C534A76-81F0-48B5-89D4-E4F1948EBA5E}
		{7F889FF1-C5A2-431B-AA9B-785C6BE3CEB4} = {0C534A76-81F0-48B5-89D4-E4F1948EBA5E}
		{CB38FFE6-CC98-4A34-A2B6-A8AB1AD04066} = {ABECE1D2-660C-4DE2-8856-A29EE276ED18}
		{49B82D0B-1359-4AC7-9286-8B46FE6E6F72} = {ABECE1D2-660C-4DE2-8856-A29EE276ED18}
		{2066B8EF-F8F4-4EB6-9E7C-9840C2DE0B28} = {ABECE1D2-660C-4DE2-8856-A29EE276ED18}
		{661CA8E7-F27E-41C8-9640-4A3EC65642CE} = {BC9B0DCF-8B6E-4E45-A4E5-665D9E22F98E}
		{14BC32BD-095C-4294-94C7-296E591E3B63} = {0A5D29F6-BB91-4089-8FE6-04794D80115D}
		{34FDBCCD-E16A-4247-AE6D-685192BD02A1} = {0A5D29F6-BB91-4089-8FE6-04794D80115D}
		{03699813-13F3-49F2-85B7-D775F58F5B3C} = {0A5D29F6-BB91-4089-8FE6-04794D80115D}
		{33E151BA-2005-422A-9BC8-4A46CE8BCE24} = {8BE7F751-3C6C-480E-A9FC-E7DB83617DCC}
		{E485614D-C8E8-46D7-9282-2F20E8DD9ED6} = {33E151BA-2005-422A-9BC8-4A46CE8BCE24}
		{90A28641-1FF7-44DB-B44C-60C8CD076C0C} = {33E151BA-2005-422A-9BC8-4A46CE8BCE24}
		{1DE99E4C-1ED6-4D9A-82A9-98C1F92BB0C2} = {33E151BA-2005-422A-9BC8-4A46CE8BCE24}
		{561395A5-5CB4-434A-9320-9BE4B14227AF} = {7F889FF1-C5A2-431B-AA9B-785C6BE3CEB4}
		{8CB04B2B-3E12-4810-863E-20CEC234995E} = {14BC32BD-095C-4294-94C7-296E591E3B63}
		{D1159EFA-BDFB-4553-9164-F10613DDECB8} = {14BC32BD-095C-4294-94C7-296E591E3B63}
		{AB56205E-245F-41FC-BED9-9871D72E744A} = {14BC32BD-095C-4294-94C7-296E591E3B63}
		{52DE0DA1-AF4E-403F-B403-2C756CABDBA3} = {34FDBCCD-E16A-4247-AE6D-685192BD02A1}
		{FCCFE292-D30F-4049-BADA-07C27D8BA057} = {52DE0DA1-AF4E-403F-B403-2C756CABDBA3}
		{20491AED-4F91-4637-A38B-78DEC2491CB7} = {52DE0DA1-AF4E-403F-B403-2C756CABDBA3}
		{7F117C51-B4C2-4DD0-84A0-681223F2ED77} = {03699813-13F3-49F2-85B7-D775F58F5B3C}
		{214DA432-4C1A-447E-9EC5-6DF176E0D91F} = {ABECE1D2-660C-4DE2-8856-A29EE276ED18}
		{A137F94E-B037-458B-8AC7-E8041BB02B5A} = {ABECE1D2-660C-4DE2-8856-A29EE276ED18}
	EndGlobalSection
	GlobalSection(ExtensibilityGlobals) = postSolution
		SolutionGuid = {43E508C5-1ACC-42D5-8CBC-B13120A84735}
	EndGlobalSection
EndGlobal
