
Microsoft Visual Studio Solution File, Format Version 12.00
# Visual Studio Version 17
VisualStudioVersion = 17.8.34330.188
MinimumVisualStudioVersion = 10.0.40219.1
Project("{9A19103F-16F7-4668-BE54-9A1E7A4F7556}") = "NewsCMSClient", "NewsCMSClient\NewsCMSClient.csproj", "{F9D0D5C9-E64E-4BCF-BB56-CB99857F4088}"
EndProject
Project("{FAE04EC0-301F-11D3-BF4B-00C04F79EFBC}") = "NewsCmsApiGateway", "NewsCmsApiGateway\NewsCmsApiGateway.csproj", "{7378D540-47DE-4208-94A4-E10AC464BB1D}"
EndProject
Global
	GlobalSection(SolutionConfigurationPlatforms) = preSolution
		Debug|Any CPU = Debug|Any CPU
		Release|Any CPU = Release|Any CPU
	EndGlobalSection
	GlobalSection(ProjectConfigurationPlatforms) = postSolution
		{F9D0D5C9-E64E-4BCF-BB56-CB99857F4088}.Debug|Any CPU.ActiveCfg = Debug|Any CPU
		{F9D0D5C9-E64E-4BCF-BB56-CB99857F4088}.Debug|Any CPU.Build.0 = Debug|Any CPU
		{F9D0D5C9-E64E-4BCF-BB56-CB99857F4088}.Release|Any CPU.ActiveCfg = Release|Any CPU
		{F9D0D5C9-E64E-4BCF-BB56-CB99857F4088}.Release|Any CPU.Build.0 = Release|Any CPU
		{7378D540-47DE-4208-94A4-E10AC464BB1D}.Debug|Any CPU.ActiveCfg = Debug|Any CPU
		{7378D540-47DE-4208-94A4-E10AC464BB1D}.Debug|Any CPU.Build.0 = Debug|Any CPU
		{7378D540-47DE-4208-94A4-E10AC464BB1D}.Release|Any CPU.ActiveCfg = Release|Any CPU
		{7378D540-47DE-4208-94A4-E10AC464BB1D}.Release|Any CPU.Build.0 = Release|Any CPU
	EndGlobalSection
	GlobalSection(SolutionProperties) = preSolution
		HideSolutionNode = FALSE
	EndGlobalSection
	GlobalSection(ExtensibilityGlobals) = postSolution
		SolutionGuid = {E327A3BA-75B6-4D80-8E3C-01C4A384FDF8}
	EndGlobalSection
EndGlobal
