
Microsoft Visual Studio Solution File, Format Version 12.00
# Visual Studio Version 17
VisualStudioVersion = 17.7.34302.85
MinimumVisualStudioVersion = 10.0.40219.1
Project("{FAE04EC0-301F-11D3-BF4B-00C04F79EFBC}") = "DomainModelingBuildingBlock", "DomainModelingBuildingBlock\DomainModelingBuildingBlock.csproj", "{4F2AF92D-80DE-4DD9-8D39-7DCBCE2F29F2}"
EndProject
Global
	GlobalSection(SolutionConfigurationPlatforms) = preSolution
		Debug|Any CPU = Debug|Any CPU
		Release|Any CPU = Release|Any CPU
	EndGlobalSection
	GlobalSection(ProjectConfigurationPlatforms) = postSolution
		{4F2AF92D-80DE-4DD9-8D39-7DCBCE2F29F2}.Debug|Any CPU.ActiveCfg = Debug|Any CPU
		{4F2AF92D-80DE-4DD9-8D39-7DCBCE2F29F2}.Debug|Any CPU.Build.0 = Debug|Any CPU
		{4F2AF92D-80DE-4DD9-8D39-7DCBCE2F29F2}.Release|Any CPU.ActiveCfg = Release|Any CPU
		{4F2AF92D-80DE-4DD9-8D39-7DCBCE2F29F2}.Release|Any CPU.Build.0 = Release|Any CPU
	EndGlobalSection
	GlobalSection(SolutionProperties) = preSolution
		HideSolutionNode = FALSE
	EndGlobalSection
	GlobalSection(ExtensibilityGlobals) = postSolution
		SolutionGuid = {AC363951-FB5B-4774-938F-6DAEB03FCA8C}
	EndGlobalSection
EndGlobal
