
Microsoft Visual Studio Solution File, Format Version 12.00
# Visual Studio Version 17
VisualStudioVersion = 17.8.34330.188
MinimumVisualStudioVersion = 10.0.40219.1
Project("{9A19103F-16F7-4668-BE54-9A1E7A4F7556}") = "YarpSamples.FirstName", "YarpSamples.FirstName\YarpSamples.FirstName.csproj", "{9ED8FDEE-937D-4139-84CE-D2EF2A7DBA72}"
EndProject
Project("{9A19103F-16F7-4668-BE54-9A1E7A4F7556}") = "YarpSamples.LastName", "YarpSamples.LastName\YarpSamples.LastName.csproj", "{46929D11-298E-42A7-8462-2CE38BF74432}"
EndProject
Project("{9A19103F-16F7-4668-BE54-9A1E7A4F7556}") = "YarpSamples.ClientRazor", "YarpSamples.ClientRazor\YarpSamples.ClientRazor.csproj", "{90097E99-0500-447E-9CF2-5B5034D68FA4}"
EndProject
Project("{9A19103F-16F7-4668-BE54-9A1E7A4F7556}") = "YarpSamples.Gateway", "YarpSamples.Gateway\YarpSamples.Gateway.csproj", "{4B48C7B7-B065-422C-AEEF-AE3116F2C0FF}"
EndProject
Project("{9A19103F-16F7-4668-BE54-9A1E7A4F7556}") = "YarpSamples.LastName2", "YarpSamples.LastName2\YarpSamples.LastName2.csproj", "{0EC3C567-562A-494F-9AC2-B8C959078BF4}"
EndProject
Project("{FAE04EC0-301F-11D3-BF4B-00C04F79EFBC}") = "YarpSamples.GatewaySR", "YarpSamples.GatewaySR\YarpSamples.GatewaySR.csproj", "{48B7815B-A393-4734-BC00-EB63988EC6B1}"
EndProject
Global
	GlobalSection(SolutionConfigurationPlatforms) = preSolution
		Debug|Any CPU = Debug|Any CPU
		Release|Any CPU = Release|Any CPU
	EndGlobalSection
	GlobalSection(ProjectConfigurationPlatforms) = postSolution
		{9ED8FDEE-937D-4139-84CE-D2EF2A7DBA72}.Debug|Any CPU.ActiveCfg = Debug|Any CPU
		{9ED8FDEE-937D-4139-84CE-D2EF2A7DBA72}.Debug|Any CPU.Build.0 = Debug|Any CPU
		{9ED8FDEE-937D-4139-84CE-D2EF2A7DBA72}.Release|Any CPU.ActiveCfg = Release|Any CPU
		{9ED8FDEE-937D-4139-84CE-D2EF2A7DBA72}.Release|Any CPU.Build.0 = Release|Any CPU
		{46929D11-298E-42A7-8462-2CE38BF74432}.Debug|Any CPU.ActiveCfg = Debug|Any CPU
		{46929D11-298E-42A7-8462-2CE38BF74432}.Debug|Any CPU.Build.0 = Debug|Any CPU
		{46929D11-298E-42A7-8462-2CE38BF74432}.Release|Any CPU.ActiveCfg = Release|Any CPU
		{46929D11-298E-42A7-8462-2CE38BF74432}.Release|Any CPU.Build.0 = Release|Any CPU
		{90097E99-0500-447E-9CF2-5B5034D68FA4}.Debug|Any CPU.ActiveCfg = Debug|Any CPU
		{90097E99-0500-447E-9CF2-5B5034D68FA4}.Debug|Any CPU.Build.0 = Debug|Any CPU
		{90097E99-0500-447E-9CF2-5B5034D68FA4}.Release|Any CPU.ActiveCfg = Release|Any CPU
		{90097E99-0500-447E-9CF2-5B5034D68FA4}.Release|Any CPU.Build.0 = Release|Any CPU
		{4B48C7B7-B065-422C-AEEF-AE3116F2C0FF}.Debug|Any CPU.ActiveCfg = Debug|Any CPU
		{4B48C7B7-B065-422C-AEEF-AE3116F2C0FF}.Debug|Any CPU.Build.0 = Debug|Any CPU
		{4B48C7B7-B065-422C-AEEF-AE3116F2C0FF}.Release|Any CPU.ActiveCfg = Release|Any CPU
		{4B48C7B7-B065-422C-AEEF-AE3116F2C0FF}.Release|Any CPU.Build.0 = Release|Any CPU
		{0EC3C567-562A-494F-9AC2-B8C959078BF4}.Debug|Any CPU.ActiveCfg = Debug|Any CPU
		{0EC3C567-562A-494F-9AC2-B8C959078BF4}.Debug|Any CPU.Build.0 = Debug|Any CPU
		{0EC3C567-562A-494F-9AC2-B8C959078BF4}.Release|Any CPU.ActiveCfg = Release|Any CPU
		{0EC3C567-562A-494F-9AC2-B8C959078BF4}.Release|Any CPU.Build.0 = Release|Any CPU
		{48B7815B-A393-4734-BC00-EB63988EC6B1}.Debug|Any CPU.ActiveCfg = Debug|Any CPU
		{48B7815B-A393-4734-BC00-EB63988EC6B1}.Debug|Any CPU.Build.0 = Debug|Any CPU
		{48B7815B-A393-4734-BC00-EB63988EC6B1}.Release|Any CPU.ActiveCfg = Release|Any CPU
		{48B7815B-A393-4734-BC00-EB63988EC6B1}.Release|Any CPU.Build.0 = Release|Any CPU
	EndGlobalSection
	GlobalSection(SolutionProperties) = preSolution
		HideSolutionNode = FALSE
	EndGlobalSection
	GlobalSection(ExtensibilityGlobals) = postSolution
		SolutionGuid = {3D02A0ED-494E-45E5-BC15-1F87959EED1E}
	EndGlobalSection
EndGlobal
